hash: cd7cf25288db3a8f5e65da372a4ad5cbcb8d9c803176c807bc749d135c979eaf
updated: 2016-02-06T18:07:54.399425333Z
imports:
- name: github.com/ahmetalpbalkan/go-linq
  version: 32a9c2bd73213b024e8bd5a687927eaf9bdfe0b9
- name: github.com/armon/circbuf
  version: bbbad097214e2918d8543d5201d12bfd7bca254d
- name: github.com/armon/go-metrics
  version: 345426c77237ece5dab0e1605c3e4b35c3f54757
  subpackages:
  - datadog
- name: github.com/armon/go-radix
  version: 4239b77079c7b5d1243b7b4736304ce8ddb6f0f2
- name: github.com/aws/aws-sdk-go
  version: 371c1c6ff7101d2e4a11e9962075c86a6733d65a
  subpackages:
  - aws
  - aws/credentials
  - aws/defaults
  - aws/session
  - service/dynamodb
  - service/dynamodb/dynamodbattribute
  - aws/awserr
  - aws/corehandlers
  - aws/credentials/ec2rolecreds
  - aws/ec2metadata
  - aws/request
  - private/endpoints
  - aws/client
  - aws/awsutil
  - aws/client/metadata
  - private/protocol/jsonrpc
  - private/signer/v4
  - private/waiter
  - private/protocol/json/jsonutil
  - private/protocol/rest
  - private/protocol
- name: github.com/bgentry/speakeasy
  version: 36e9cfdd690967f4f690c6edcc9ffacd006014a0
- name: github.com/boltdb/bolt
  version: ee4a0888a9abe7eefe5a0992ca4cb06864839873
- name: github.com/BurntSushi/toml
  version: 5c4df71dfe9ac89ef6287afc05e4c1b16ae65a1e
- name: github.com/coreos/etcd
  version: e7a5899582e71c2e3797e7c78ac426178e4bcc16
  subpackages:
  - Godeps/_workspace/src/golang.org/x/net/context
  - client
  - etcdmain
  - Godeps/_workspace/src/github.com/ugorji/go/codec
  - pkg/pathutil
  - pkg/types
  - Godeps/_workspace/src/github.com/coreos/go-systemd/daemon
  - Godeps/_workspace/src/github.com/coreos/go-systemd/util
  - Godeps/_workspace/src/github.com/coreos/pkg/capnslog
  - Godeps/_workspace/src/github.com/prometheus/client_golang/prometheus
  - Godeps/_workspace/src/github.com/prometheus/procfs
  - discovery
  - etcdserver
  - etcdserver/api/v3rpc
  - etcdserver/etcdhttp
  - pkg/cors
  - pkg/fileutil
  - pkg/flags
  - pkg/ioutil
  - pkg/osutil
  - pkg/runtime
  - pkg/transport
  - proxy
  - rafthttp
  - version
  - Godeps/_workspace/src/github.com/coreos/go-systemd/journal
  - Godeps/_workspace/src/github.com/beorn7/perks/quantile
  - Godeps/_workspace/src/github.com/golang/protobuf/proto
  - Godeps/_workspace/src/github.com/prometheus/client_model/go
  - Godeps/_workspace/src/github.com/prometheus/common/expfmt
  - Godeps/_workspace/src/github.com/jonboulle/clockwork
  - Godeps/_workspace/src/github.com/coreos/go-semver/semver
  - Godeps/_workspace/src/github.com/gogo/protobuf/proto
  - error
  - etcdserver/etcdhttp/httptypes
  - etcdserver/etcdserverpb
  - etcdserver/stats
  - lease
  - lease/leasehttp
  - pkg/idutil
  - pkg/netutil
  - pkg/pbutil
  - pkg/testutil
  - pkg/timeutil
  - pkg/wait
  - raft
  - raft/raftpb
  - snap
  - storage
  - storage/backend
  - storage/storagepb
  - store
  - wal
  - wal/walpb
  - Godeps/_workspace/src/google.golang.org/grpc
  - Godeps/_workspace/src/google.golang.org/grpc/codes
  - Godeps/_workspace/src/google.golang.org/grpc/credentials
  - etcdserver/auth
  - pkg/logutil
  - pkg/httputil
  - Godeps/_workspace/src/github.com/xiang90/probing
  - Godeps/_workspace/src/bitbucket.org/ww/goautoneg
  - Godeps/_workspace/src/github.com/matttproud/golang_protobuf_extensions/pbutil
  - Godeps/_workspace/src/github.com/prometheus/common/model
  - lease/leasepb
  - snap/snappb
  - Godeps/_workspace/src/github.com/google/btree
  - Godeps/_workspace/src/github.com/boltdb/bolt
  - pkg/crc
  - Godeps/_workspace/src/golang.org/x/net/trace
  - Godeps/_workspace/src/google.golang.org/grpc/grpclog
  - Godeps/_workspace/src/google.golang.org/grpc/metadata
  - Godeps/_workspace/src/google.golang.org/grpc/naming
  - Godeps/_workspace/src/google.golang.org/grpc/transport
  - Godeps/_workspace/src/golang.org/x/crypto/bcrypt
  - Godeps/_workspace/src/golang.org/x/net/internal/timeseries
  - Godeps/_workspace/src/golang.org/x/net/http2
  - Godeps/_workspace/src/golang.org/x/net/http2/hpack
  - Godeps/_workspace/src/google.golang.org/grpc/peer
  - Godeps/_workspace/src/golang.org/x/crypto/blowfish
- name: github.com/DataDog/datadog-go
  version: bc97e0770ad4edae1c9dc14beb40b79b2dde32f8
  subpackages:
  - statsd
- name: github.com/elazarl/go-bindata-assetfs
  version: 57eb5e1fc594ad4b0b1dbea7b286d299e0cb43c2
- name: github.com/fsouza/go-dockerclient
  version: 0099401a7342ad77e71ca9f9a57c5e72fb80f6b2
  subpackages:
  - external/github.com/docker/docker/opts
  - external/github.com/docker/docker/pkg/archive
  - external/github.com/docker/docker/pkg/fileutils
  - external/github.com/docker/docker/pkg/homedir
  - external/github.com/docker/docker/pkg/stdcopy
  - external/github.com/hashicorp/go-cleanhttp
  - external/github.com/Sirupsen/logrus
  - external/github.com/docker/docker/pkg/idtools
  - external/github.com/docker/docker/pkg/ioutils
  - external/github.com/docker/docker/pkg/pools
  - external/github.com/docker/docker/pkg/promise
  - external/github.com/docker/docker/pkg/system
  - external/github.com/opencontainers/runc/libcontainer/user
  - external/golang.org/x/net/context
  - external/github.com/docker/go-units
- name: github.com/garyburd/redigo
  version: 836b6e58b3358112c8291565d01c35b8764070d7
  subpackages:
  - redis
  - internal
- name: github.com/ghodss/yaml
  version: 73d445a93680fa1a78ae23a5839bad48f32ba1ee
- name: github.com/go-ini/ini
  version: afbd495e5aaea13597b5e14fe514ddeaa4d76fc3
- name: github.com/hashicorp/consul
  version: 6150b0c5bf683b27024c261980eddf67eba18e34
  subpackages:
  - api
  - command
  - command/agent
  - lib
  - consul
  - watch
  - consul/state
  - consul/structs
  - tlsutil
  - acl
- name: github.com/hashicorp/errwrap
  version: 7554cd9344cec97297fa6649b055a8c98c2a1e55
- name: github.com/hashicorp/go-checkpoint
  version: e4b2dc34c0f698ee04750bf2035d8b9384233e1b
- name: github.com/hashicorp/go-cleanhttp
  version: ce617e79981a8fff618bb643d155133a8f38db96
- name: github.com/hashicorp/go-immutable-radix
  version: 12e90058b2897552deea141eff51bb7a07a09e63
- name: github.com/hashicorp/go-memdb
  version: e16093a4c7dd00f7ce4c2452ded2c7e37d8df8be
- name: github.com/hashicorp/go-msgpack
  version: fa3f63826f7c23912c15263591e65d54d080b458
  subpackages:
  - codec
- name: github.com/hashicorp/go-multierror
  version: d30f09973e19c1dfcd120b2d9c4f168e68d6b5d5
- name: github.com/hashicorp/go-reap
  version: 2d85522212dcf5a84c6b357094f5c44710441912
- name: github.com/hashicorp/go-syslog
  version: 42a2b573b664dbf281bd48c3cc12c086b17a39ba
- name: github.com/hashicorp/go-uuid
  version: 36289988d83ca270bc07c234c36f364b0dd9c9a7
- name: github.com/hashicorp/golang-lru
  version: ce7dece472ba96dab1807940f0614f3254f883e7
  subpackages:
  - simplelru
- name: github.com/hashicorp/hcl
  version: e96d23138c76470c808bf6586bdaf981bbd25cae
  subpackages:
  - hcl/ast
  - hcl/parser
  - hcl/token
  - json/parser
  - hcl/scanner
  - hcl/strconv
  - json/scanner
  - json/token
- name: github.com/hashicorp/logutils
  version: 0dc08b1671f34c4250ce212759ebd880f743d883
- name: github.com/hashicorp/memberlist
  version: 9888dc523910e5d22c5be4f6e34520943df21809
- name: github.com/hashicorp/net-rpc-msgpackrpc
  version: a14192a58a694c123d8fe5481d4a4727d6ae82f3
- name: github.com/hashicorp/raft
  version: 057b893fd996696719e98b6c44649ea14968c811
- name: github.com/hashicorp/raft-boltdb
  version: d1e82c1ec3f15ee991f7cc7ffd5b67ff6f5bbaee
- name: github.com/hashicorp/scada-client
  version: 84989fd23ad4cc0e7ad44d6a871fd793eb9beb0a
- name: github.com/hashicorp/serf
  version: c4c55f16bae1aed9b355ad655d3ebf0215734461
  subpackages:
  - coordinate
  - serf
- name: github.com/hashicorp/yamux
  version: df949784da9ed028ee76df44652e42d37a09d7e4
- name: github.com/inconshreveable/muxado
  version: f693c7e88ba316d1a0ae3e205e22a01aa3ec2848
  subpackages:
  - proto
  - proto/ext
  - proto/frame
  - proto/buffer
- name: github.com/jmespath/go-jmespath
  version: 0b12d6b521d83fc7f755e7cfc1b1fbdd35a01a74
- name: github.com/magiconair/properties
  version: c81f9d71af8f8cba1466501d30326b99a4e56c19
- name: github.com/mattn/go-isatty
  version: 56b76bdf51f7708750eac80fa38b952bb9f32639
- name: github.com/miekg/dns
  version: 83f7d658ac219335d42f7ec4397a76e35ca7f835
- name: github.com/mitchellh/cli
  version: 5c87c51cedf76a1737bf5ca3979e8644871598a6
- name: github.com/mitchellh/mapstructure
  version: 281073eb9eb092240d33ef253c404f1cca550309
- name: github.com/op/go-logging
  version: 0882c9abce533ab4afbab5677fcef7434dd36d5a
- name: github.com/ryanuber/columnize
  version: 983d3a5fab1bf04d1b412465d2d9f8430e2e917e
- name: golang.org/x/sys
  version: 9c60d1c508f5134d1ca726b4641db998f2523357
  subpackages:
  - unix
- name: gopkg.in/yaml.v2
  version: f7716cbe52baa25d2e9b0d0da546fcf909fc16b4
devImports: []
